
Microsoft Visual Studio Solution File, Format Version 12.00
# Visual Studio Version 16
VisualStudioVersion = 16.0.34902.97
MinimumVisualStudioVersion = 10.0.40219.1
Project("{FAE04EC0-301F-11D3-BF4B-00C04F79EFBC}") = "UniManagement", "UniManagement.csproj", "{F34FB389-ED39-48E5-9E75-EA824A23B0A3}"
EndProject
Global
	GlobalSection(SolutionConfigurationPlatforms) = preSolution
		Debug|Any CPU = Debug|Any CPU
		Release|Any CPU = Release|Any CPU
	EndGlobalSection
	GlobalSection(ProjectConfigurationPlatforms) = postSolution
		{F34FB389-ED39-48E5-9E75-EA824A23B0A3}.Debug|Any CPU.ActiveCfg = Debug|Any CPU
		{F34FB389-ED39-48E5-9E75-EA824A23B0A3}.Debug|Any CPU.Build.0 = Debug|Any CPU
		{F34FB389-ED39-48E5-9E75-EA824A23B0A3}.Release|Any CPU.ActiveCfg = Release|Any CPU
		{F34FB389-ED39-48E5-9E75-EA824A23B0A3}.Release|Any CPU.Build.0 = Release|Any CPU
	EndGlobalSection
	GlobalSection(SolutionProperties) = preSolution
		HideSolutionNode = FALSE
	EndGlobalSection
	GlobalSection(ExtensibilityGlobals) = postSolution
		SolutionGuid = {B1D323A0-180C-4DD6-A9EB-F3C9C014D096}
	EndGlobalSection
EndGlobal
